
Microsoft Visual Studio Solution File, Format Version 12.00
# Visual Studio Version 16
VisualStudioVersion = 16.0.30413.136
MinimumVisualStudioVersion = 10.0.40219.1
Project("{FAE04EC0-301F-11D3-BF4B-00C04F79EFBC}") = "QRCode Generator", "QRCode Generator\QRCode Generator.csproj", "{A6D84B74-379E-4778-AE76-E7A115352ADE}"
EndProject
Global
	GlobalSection(SolutionConfigurationPlatforms) = preSolution
		Debug|Any CPU = Debug|Any CPU
		Release|Any CPU = Release|Any CPU
	EndGlobalSection
	GlobalSection(ProjectConfigurationPlatforms) = postSolution
		{A6D84B74-379E-4778-AE76-E7A115352ADE}.Debug|Any CPU.ActiveCfg = Debug|Any CPU
		{A6D84B74-379E-4778-AE76-E7A115352ADE}.Debug|Any CPU.Build.0 = Debug|Any CPU
		{A6D84B74-379E-4778-AE76-E7A115352ADE}.Release|Any CPU.ActiveCfg = Release|Any CPU
		{A6D84B74-379E-4778-AE76-E7A115352ADE}.Release|Any CPU.Build.0 = Release|Any CPU
	EndGlobalSection
	GlobalSection(SolutionProperties) = preSolution
		HideSolutionNode = FALSE
	EndGlobalSection
	GlobalSection(ExtensibilityGlobals) = postSolution
		SolutionGuid = {84F21A4A-2D85-435C-AE55-92008D6F78F7}
	EndGlobalSection
EndGlobal
